
Microsoft Visual Studio Solution File, Format Version 12.00
# Visual Studio Version 17
VisualStudioVersion = 17.2.32505.173
MinimumVisualStudioVersion = 10.0.40219.1
Project("{9A19103F-16F7-4668-BE54-9A1E7A4F7556}") = "FStoreAppLibrary", "FStoreAppLibrary\FStoreAppLibrary.csproj", "{E2E37802-29BB-4CFA-AB9C-C360F0BE5E99}"
EndProject
Project("{9A19103F-16F7-4668-BE54-9A1E7A4F7556}") = "TestConnect", "TestConnect\TestConnect.csproj", "{DA6F845C-4FFE-4A8B-8EB5-29BF86EFE536}"
EndProject
Project("{9A19103F-16F7-4668-BE54-9A1E7A4F7556}") = "SaleWinApps", "WinFormsApp1\SaleWinApps.csproj", "{7A0D93A1-1451-4DD2-A7D1-520E58DD12DE}"
EndProject
Global
	GlobalSection(SolutionConfigurationPlatforms) = preSolution
		Debug|Any CPU = Debug|Any CPU
		Release|Any CPU = Release|Any CPU
	EndGlobalSection
	GlobalSection(ProjectConfigurationPlatforms) = postSolution
		{E2E37802-29BB-4CFA-AB9C-C360F0BE5E99}.Debug|Any CPU.ActiveCfg = Debug|Any CPU
		{E2E37802-29BB-4CFA-AB9C-C360F0BE5E99}.Debug|Any CPU.Build.0 = Debug|Any CPU
		{E2E37802-29BB-4CFA-AB9C-C360F0BE5E99}.Release|Any CPU.ActiveCfg = Release|Any CPU
		{E2E37802-29BB-4CFA-AB9C-C360F0BE5E99}.Release|Any CPU.Build.0 = Release|Any CPU
		{DA6F845C-4FFE-4A8B-8EB5-29BF86EFE536}.Debug|Any CPU.ActiveCfg = Debug|Any CPU
		{DA6F845C-4FFE-4A8B-8EB5-29BF86EFE536}.Debug|Any CPU.Build.0 = Debug|Any CPU
		{DA6F845C-4FFE-4A8B-8EB5-29BF86EFE536}.Release|Any CPU.ActiveCfg = Release|Any CPU
		{DA6F845C-4FFE-4A8B-8EB5-29BF86EFE536}.Release|Any CPU.Build.0 = Release|Any CPU
		{7A0D93A1-1451-4DD2-A7D1-520E58DD12DE}.Debug|Any CPU.ActiveCfg = Debug|Any CPU
		{7A0D93A1-1451-4DD2-A7D1-520E58DD12DE}.Debug|Any CPU.Build.0 = Debug|Any CPU
		{7A0D93A1-1451-4DD2-A7D1-520E58DD12DE}.Release|Any CPU.ActiveCfg = Release|Any CPU
		{7A0D93A1-1451-4DD2-A7D1-520E58DD12DE}.Release|Any CPU.Build.0 = Release|Any CPU
	EndGlobalSection
	GlobalSection(SolutionProperties) = preSolution
		HideSolutionNode = FALSE
	EndGlobalSection
	GlobalSection(ExtensibilityGlobals) = postSolution
		SolutionGuid = {6A483CAE-7554-4E5B-B0B6-0CE8A92B5290}
	EndGlobalSection
EndGlobal
